// !$*UTF8*$!
{
	archiveVersion = 1;
	classes = {
	};
	objectVersion = 55;
	objects = {

/* Begin PBXBuildFile section */
		5BF11EA027AAAA8D0052019C /* AppDelegate.swift in Sources */ = {isa = PBXBuildFile; fileRef = 5BF11E9F27AAAA8D0052019C /* AppDelegate.swift */; };
		5BF11EA227AAAA8D0052019C /* SceneDelegate.swift in Sources */ = {isa = PBXBuildFile; fileRef = 5BF11EA127AAAA8D0052019C /* SceneDelegate.swift */; };
		5BF11EA427AAAA8D0052019C /* ViewController.swift in Sources */ = {isa = PBXBuildFile; fileRef = 5BF11EA327AAAA8D0052019C /* ViewController.swift */; };
		5BF11EA727AAAA8D0052019C /* Main.storyboard in Resources */ = {isa = PBXBuildFile; fileRef = 5BF11EA527AAAA8D0052019C /* Main.storyboard */; };
		5BF11EA927AAAA8E0052019C /* Assets.xcassets in Resources */ = {isa = PBXBuildFile; fileRef = 5BF11EA827AAAA8E0052019C /* Assets.xcassets */; };
		5BF11EAC27AAAA8E0052019C /* LaunchScreen.storyboard in Resources */ = {isa = PBXBuildFile; fileRef = 5BF11EAA27AAAA8E0052019C /* LaunchScreen.storyboard */; };
		5BF11EB727AAAA8E0052019C /* BuilderTests.swift in Sources */ = {isa = PBXBuildFile; fileRef = 5BF11EB627AAAA8E0052019C /* BuilderTests.swift */; };
		5BF11EC127AAAA8E0052019C /* BuilderUITests.swift in Sources */ = {isa = PBXBuildFile; fileRef = 5BF11EC027AAAA8E0052019C /* BuilderUITests.swift */; };
		5BF11EC327AAAA8E0052019C /* BuilderUITestsLaunchTests.swift in Sources */ = {isa = PBXBuildFile; fileRef = 5BF11EC227AAAA8E0052019C /* BuilderUITestsLaunchTests.swift */; };
		5BF11ED127AAABDE0052019C /* CatalogPresenter.swift in Sources */ = {isa = PBXBuildFile; fileRef = 5BF11ED027AAABDE0052019C /* CatalogPresenter.swift */; };
		5BF11ED327AAAC550052019C /* CatalogInteractor.swift in Sources */ = {isa = PBXBuildFile; fileRef = 5BF11ED227AAAC550052019C /* CatalogInteractor.swift */; };
		5BF11ED727AAAD8E0052019C /* CatalogViewController.swift in Sources */ = {isa = PBXBuildFile; fileRef = 5BF11ED627AAAD8E0052019C /* CatalogViewController.swift */; };
		5BF11ED927AAAE570052019C /* ModuleBuilder.swift in Sources */ = {isa = PBXBuildFile; fileRef = 5BF11ED827AAAE570052019C /* ModuleBuilder.swift */; };
		5BF11EDB27AAAE840052019C /* CatalogBuilder.swift in Sources */ = {isa = PBXBuildFile; fileRef = 5BF11EDA27AAAE840052019C /* CatalogBuilder.swift */; };
/* End PBXBuildFile section */

/* Begin PBXContainerItemProxy section */
		5BF11EB327AAAA8E0052019C /* PBXContainerItemProxy */ = {
			isa = PBXContainerItemProxy;
			containerPortal = 5BF11E9427AAAA8D0052019C /* Project object */;
			proxyType = 1;
			remoteGlobalIDString = 5BF11E9B27AAAA8D0052019C;
			remoteInfo = Builder;
		};
		5BF11EBD27AAAA8E0052019C /* PBXContainerItemProxy */ = {
			isa = PBXContainerItemProxy;
			containerPortal = 5BF11E9427AAAA8D0052019C /* Project object */;
			proxyType = 1;
			remoteGlobalIDString = 5BF11E9B27AAAA8D0052019C;
			remoteInfo = Builder;
		};
/* End PBXContainerItemProxy section */

/* Begin PBXFileReference section */
		5BF11E9C27AAAA8D0052019C /* Builder.app */ = {isa = PBXFileReference; explicitFileType = wrapper.application; includeInIndex = 0; path = Builder.app; sourceTree = BUILT_PRODUCTS_DIR; };
		5BF11E9F27AAAA8D0052019C /* AppDelegate.swift */ = {isa = PBXFileReference; lastKnownFileType = sourcecode.swift; path = AppDelegate.swift; sourceTree = "<group>"; };
		5BF11EA127AAAA8D0052019C /* SceneDelegate.swift */ = {isa = PBXFileReference; lastKnownFileType = sourcecode.swift; path = SceneDelegate.swift; sourceTree = "<group>"; };
		5BF11EA327AAAA8D0052019C /* ViewController.swift */ = {isa = PBXFileReference; lastKnownFileType = sourcecode.swift; path = ViewController.swift; sourceTree = "<group>"; };
		5BF11EA627AAAA8D0052019C /* Base */ = {isa = PBXFileReference; lastKnownFileType = file.storyboard; name = Base; path = Base.lproj/Main.storyboard; sourceTree = "<group>"; };
		5BF11EA827AAAA8E0052019C /* Assets.xcassets */ = {isa = PBXFileReference; lastKnownFileType = folder.assetcatalog; path = Assets.xcassets; sourceTree = "<group>"; };
		5BF11EAB27AAAA8E0052019C /* Base */ = {isa = PBXFileReference; lastKnownFileType = file.storyboard; name = Base; path = Base.lproj/LaunchScreen.storyboard; sourceTree = "<group>"; };
		5BF11EAD27AAAA8E0052019C /* Info.plist */ = {isa = PBXFileReference; lastKnownFileType = text.plist.xml; path = Info.plist; sourceTree = "<group>"; };
		5BF11EB227AAAA8E0052019C /* BuilderTests.xctest */ = {isa = PBXFileReference; explicitFileType = wrapper.cfbundle; includeInIndex = 0; path = BuilderTests.xctest; sourceTree = BUILT_PRODUCTS_DIR; };
		5BF11EB627AAAA8E0052019C /* BuilderTests.swift */ = {isa = PBXFileReference; lastKnownFileType = sourcecode.swift; path = BuilderTests.swift; sourceTree = "<group>"; };
		5BF11EBC27AAAA8E0052019C /* BuilderUITests.xctest */ = {isa = PBXFileReference; explicitFileType = wrapper.cfbundle; includeInIndex = 0; path = BuilderUITests.xctest; sourceTree = BUILT_PRODUCTS_DIR; };
		5BF11EC027AAAA8E0052019C /* BuilderUITests.swift */ = {isa = PBXFileReference; lastKnownFileType = sourcecode.swift; path = BuilderUITests.swift; sourceTree = "<group>"; };
		5BF11EC227AAAA8E0052019C /* BuilderUITestsLaunchTests.swift */ = {isa = PBXFileReference; lastKnownFileType = sourcecode.swift; path = BuilderUITestsLaunchTests.swift; sourceTree = "<group>"; };
		5BF11ED027AAABDE0052019C /* CatalogPresenter.swift */ = {isa = PBXFileReference; lastKnownFileType = sourcecode.swift; path = CatalogPresenter.swift; sourceTree = "<group>"; };
		5BF11ED227AAAC550052019C /* CatalogInteractor.swift */ = {isa = PBXFileReference; lastKnownFileType = sourcecode.swift; path = CatalogInteractor.swift; sourceTree = "<group>"; };
		5BF11ED627AAAD8E0052019C /* CatalogViewController.swift */ = {isa = PBXFileReference; lastKnownFileType = sourcecode.swift; path = CatalogViewController.swift; sourceTree = "<group>"; };
		5BF11ED827AAAE570052019C /* ModuleBuilder.swift */ = {isa = PBXFileReference; lastKnownFileType = sourcecode.swift; path = ModuleBuilder.swift; sourceTree = "<group>"; };
		5BF11EDA27AAAE840052019C /* CatalogBuilder.swift */ = {isa = PBXFileReference; lastKnownFileType = sourcecode.swift; path = CatalogBuilder.swift; sourceTree = "<group>"; };
/* End PBXFileReference section */

/* Begin PBXFrameworksBuildPhase section */
		5BF11E9927AAAA8D0052019C /* Frameworks */ = {
			isa = PBXFrameworksBuildPhase;
			buildActionMask = 2147483647;
			files = (
			);
			runOnlyForDeploymentPostprocessing = 0;
		};
		5BF11EAF27AAAA8E0052019C /* Frameworks */ = {
			isa = PBXFrameworksBuildPhase;
			buildActionMask = 2147483647;
			files = (
			);
			runOnlyForDeploymentPostprocessing = 0;
		};
		5BF11EB927AAAA8E0052019C /* Frameworks */ = {
			isa = PBXFrameworksBuildPhase;
			buildActionMask = 2147483647;
			files = (
			);
			runOnlyForDeploymentPostprocessing = 0;
		};
/* End PBXFrameworksBuildPhase section */

/* Begin PBXGroup section */
		5BF11E9327AAAA8D0052019C = {
			isa = PBXGroup;
			children = (
				5BF11E9E27AAAA8D0052019C /* Builder */,
				5BF11EB527AAAA8E0052019C /* BuilderTests */,
				5BF11EBF27AAAA8E0052019C /* BuilderUITests */,
				5BF11E9D27AAAA8D0052019C /* Products */,
			);
			sourceTree = "<group>";
		};
		5BF11E9D27AAAA8D0052019C /* Products */ = {
			isa = PBXGroup;
			children = (
				5BF11E9C27AAAA8D0052019C /* Builder.app */,
				5BF11EB227AAAA8E0052019C /* BuilderTests.xctest */,
				5BF11EBC27AAAA8E0052019C /* BuilderUITests.xctest */,
			);
			name = Products;
			sourceTree = "<group>";
		};
		5BF11E9E27AAAA8D0052019C /* Builder */ = {
			isa = PBXGroup;
			children = (
				5BF11ECF27AAABC00052019C /* Catalog */,
				5BF11EDC27AAB01C0052019C /* Sources */,
				5BF11EA127AAAA8D0052019C /* SceneDelegate.swift */,
				5BF11EA527AAAA8D0052019C /* Main.storyboard */,
				5BF11EA827AAAA8E0052019C /* Assets.xcassets */,
				5BF11EAA27AAAA8E0052019C /* LaunchScreen.storyboard */,
				5BF11EAD27AAAA8E0052019C /* Info.plist */,
			);
			path = Builder;
			sourceTree = "<group>";
		};
		5BF11EB527AAAA8E0052019C /* BuilderTests */ = {
			isa = PBXGroup;
			children = (
				5BF11EB627AAAA8E0052019C /* BuilderTests.swift */,
			);
			path = BuilderTests;
			sourceTree = "<group>";
		};
		5BF11EBF27AAAA8E0052019C /* BuilderUITests */ = {
			isa = PBXGroup;
			children = (
				5BF11EC027AAAA8E0052019C /* BuilderUITests.swift */,
				5BF11EC227AAAA8E0052019C /* BuilderUITestsLaunchTests.swift */,
			);
			path = BuilderUITests;
			sourceTree = "<group>";
		};
		5BF11ECF27AAABC00052019C /* Catalog */ = {
			isa = PBXGroup;
			children = (
				5BF11ED027AAABDE0052019C /* CatalogPresenter.swift */,
				5BF11ED227AAAC550052019C /* CatalogInteractor.swift */,
				5BF11ED627AAAD8E0052019C /* CatalogViewController.swift */,
				5BF11EDA27AAAE840052019C /* CatalogBuilder.swift */,
			);
			path = Catalog;
			sourceTree = "<group>";
		};
		5BF11EDC27AAB01C0052019C /* Sources */ = {
			isa = PBXGroup;
			children = (
				5BF11E9F27AAAA8D0052019C /* AppDelegate.swift */,
				5BF11EA327AAAA8D0052019C /* ViewController.swift */,
				5BF11ED827AAAE570052019C /* ModuleBuilder.swift */,
			);
			path = Sources;
			sourceTree = "<group>";
		};
/* End PBXGroup section */

/* Begin PBXNativeTarget section */
		5BF11E9B27AAAA8D0052019C /* Builder */ = {
			isa = PBXNativeTarget;
			buildConfigurationList = 5BF11EC627AAAA8E0052019C /* Build configuration list for PBXNativeTarget "Builder" */;
			buildPhases = (
				5BF11E9827AAAA8D0052019C /* Sources */,
				5BF11E9927AAAA8D0052019C /* Frameworks */,
				5BF11E9A27AAAA8D0052019C /* Resources */,
			);
			buildRules = (
			);
			dependencies = (
			);
			name = Builder;
			productName = Builder;
			productReference = 5BF11E9C27AAAA8D0052019C /* Builder.app */;
			productType = "com.apple.product-type.application";
		};
		5BF11EB127AAAA8E0052019C /* BuilderTests */ = {
			isa = PBXNativeTarget;
			buildConfigurationList = 5BF11EC927AAAA8E0052019C /* Build configuration list for PBXNativeTarget "BuilderTests" */;
			buildPhases = (
				5BF11EAE27AAAA8E0052019C /* Sources */,
				5BF11EAF27AAAA8E0052019C /* Frameworks */,
				5BF11EB027AAAA8E0052019C /* Resources */,
			);
			buildRules = (
			);
			dependencies = (
				5BF11EB427AAAA8E0052019C /* PBXTargetDependency */,
			);
			name = BuilderTests;
			productName = BuilderTests;
			productReference = 5BF11EB227AAAA8E0052019C /* BuilderTests.xctest */;
			productType = "com.apple.product-type.bundle.unit-test";
		};
		5BF11EBB27AAAA8E0052019C /* BuilderUITests */ = {
			isa = PBXNativeTarget;
			buildConfigurationList = 5BF11ECC27AAAA8E0052019C /* Build configuration list for PBXNativeTarget "BuilderUITests" */;
			buildPhases = (
				5BF11EB827AAAA8E0052019C /* Sources */,
				5BF11EB927AAAA8E0052019C /* Frameworks */,
				5BF11EBA27AAAA8E0052019C /* Resources */,
			);
			buildRules = (
			);
			dependencies = (
				5BF11EBE27AAAA8E0052019C /* PBXTargetDependency */,
			);
			name = BuilderUITests;
			productName = BuilderUITests;
			productReference = 5BF11EBC27AAAA8E0052019C /* BuilderUITests.xctest */;
			productType = "com.apple.product-type.bundle.ui-testing";
		};
/* End PBXNativeTarget section */

/* Begin PBXProject section */
		5BF11E9427AAAA8D0052019C /* Project object */ = {
			isa = PBXProject;
			attributes = {
				BuildIndependentTargetsInParallel = 1;
				LastSwiftUpdateCheck = 1320;
				LastUpgradeCheck = 1320;
				TargetAttributes = {
					5BF11E9B27AAAA8D0052019C = {
						CreatedOnToolsVersion = 13.2.1;
					};
					5BF11EB127AAAA8E0052019C = {
						CreatedOnToolsVersion = 13.2.1;
						TestTargetID = 5BF11E9B27AAAA8D0052019C;
					};
					5BF11EBB27AAAA8E0052019C = {
						CreatedOnToolsVersion = 13.2.1;
						TestTargetID = 5BF11E9B27AAAA8D0052019C;
					};
				};
			};
			buildConfigurationList = 5BF11E9727AAAA8D0052019C /* Build configuration list for PBXProject "Builder" */;
			compatibilityVersion = "Xcode 13.0";
			developmentRegion = en;
			hasScannedForEncodings = 0;
			knownRegions = (
				en,
				Base,
			);
			mainGroup = 5BF11E9327AAAA8D0052019C;
			productRefGroup = 5BF11E9D27AAAA8D0052019C /* Products */;
			projectDirPath = "";
			projectRoot = "";
			targets = (
				5BF11E9B27AAAA8D0052019C /* Builder */,
				5BF11EB127AAAA8E0052019C /* BuilderTests */,
				5BF11EBB27AAAA8E0052019C /* BuilderUITests */,
			);
		};
/* End PBXProject section */

/* Begin PBXResourcesBuildPhase section */
		5BF11E9A27AAAA8D0052019C /* Resources */ = {
			isa = PBXResourcesBuildPhase;
			buildActionMask = 2147483647;
			files = (
				5BF11EAC27AAAA8E0052019C /* LaunchScreen.storyboard in Resources */,
				5BF11EA927AAAA8E0052019C /* Assets.xcassets in Resources */,
				5BF11EA727AAAA8D0052019C /* Main.storyboard in Resources */,
			);
			runOnlyForDeploymentPostprocessing = 0;
		};
		5BF11EB027AAAA8E0052019C /* Resources */ = {
			isa = PBXResourcesBuildPhase;
			buildActionMask = 2147483647;
			files = (
			);
			runOnlyForDeploymentPostprocessing = 0;
		};
		5BF11EBA27AAAA8E0052019C /* Resources */ = {
			isa = PBXResourcesBuildPhase;
			buildActionMask = 2147483647;
			files = (
			);
			runOnlyForDeploymentPostprocessing = 0;
		};
/* End PBXResourcesBuildPhase section */

/* Begin PBXSourcesBuildPhase section */
		5BF11E9827AAAA8D0052019C /* Sources */ = {
			isa = PBXSourcesBuildPhase;
			buildActionMask = 2147483647;
			files = (
				5BF11ED727AAAD8E0052019C /* CatalogViewController.swift in Sources */,
				5BF11EDB27AAAE840052019C /* CatalogBuilder.swift in Sources */,
				5BF11ED127AAABDE0052019C /* CatalogPresenter.swift in Sources */,
				5BF11EA427AAAA8D0052019C /* ViewController.swift in Sources */,
				5BF11EA027AAAA8D0052019C /* AppDelegate.swift in Sources */,
				5BF11ED927AAAE570052019C /* ModuleBuilder.swift in Sources */,
				5BF11EA227AAAA8D0052019C /* SceneDelegate.swift in Sources */,
				5BF11ED327AAAC550052019C /* CatalogInteractor.swift in Sources */,
			);
			runOnlyForDeploymentPostprocessing = 0;
		};
		5BF11EAE27AAAA8E0052019C /* Sources */ = {
			isa = PBXSourcesBuildPhase;
			buildActionMask = 2147483647;
			files = (
				5BF11EB727AAAA8E0052019C /* BuilderTests.swift in Sources */,
			);
			runOnlyForDeploymentPostprocessing = 0;
		};
		5BF11EB827AAAA8E0052019C /* Sources */ = {
			isa = PBXSourcesBuildPhase;
			buildActionMask = 2147483647;
			files = (
				5BF11EC327AAAA8E0052019C /* BuilderUITestsLaunchTests.swift in Sources */,
				5BF11EC127AAAA8E0052019C /* BuilderUITests.swift in Sources */,
			);
			runOnlyForDeploymentPostprocessing = 0;
		};
/* End PBXSourcesBuildPhase section */

/* Begin PBXTargetDependency section */
		5BF11EB427AAAA8E0052019C /* PBXTargetDependency */ = {
			isa = PBXTargetDependency;
			target = 5BF11E9B27AAAA8D0052019C /* Builder */;
			targetProxy = 5BF11EB327AAAA8E0052019C /* PBXContainerItemProxy */;
		};
		5BF11EBE27AAAA8E0052019C /* PBXTargetDependency */ = {
			isa = PBXTargetDependency;
			target = 5BF11E9B27AAAA8D0052019C /* Builder */;
			targetProxy = 5BF11EBD27AAAA8E0052019C /* PBXContainerItemProxy */;
		};
/* End PBXTargetDependency section */

/* Begin PBXVariantGroup section */
		5BF11EA527AAAA8D0052019C /* Main.storyboard */ = {
			isa = PBXVariantGroup;
			children = (
				5BF11EA627AAAA8D0052019C /* Base */,
			);
			name = Main.storyboard;
			sourceTree = "<group>";
		};
		5BF11EAA27AAAA8E0052019C /* LaunchScreen.storyboard */ = {
			isa = PBXVariantGroup;
			children = (
				5BF11EAB27AAAA8E0052019C /* Base */,
			);
			name = LaunchScreen.storyboard;
			sourceTree = "<group>";
		};
/* End PBXVariantGroup section */

/* Begin XCBuildConfiguration section */
		5BF11EC427AAAA8E0052019C /* Debug */ = {
			isa = XCBuildConfiguration;
			buildSettings = {
				ALWAYS_SEARCH_USER_PATHS = NO;
				CLANG_ANALYZER_NONNULL = YES;
				CLANG_ANALYZER_NUMBER_OBJECT_CONVERSION = YES_AGGRESSIVE;
				CLANG_CXX_LANGUAGE_STANDARD = "gnu++17";
				CLANG_CXX_LIBRARY = "libc++";
				CLANG_ENABLE_MODULES = YES;
				CLANG_ENABLE_OBJC_ARC = YES;
				CLANG_ENABLE_OBJC_WEAK = YES;
				CLANG_WARN_BLOCK_CAPTURE_AUTORELEASING = YES;
				CLANG_WARN_BOOL_CONVERSION = YES;
				CLANG_WARN_COMMA = YES;
				CLANG_WARN_CONSTANT_CONVERSION = YES;
				CLANG_WARN_DEPRECATED_OBJC_IMPLEMENTATIONS = YES;
				CLANG_WARN_DIRECT_OBJC_ISA_USAGE = YES_ERROR;
				CLANG_WARN_DOCUMENTATION_COMMENTS = YES;
				CLANG_WARN_EMPTY_BODY = YES;
				CLANG_WARN_ENUM_CONVERSION = YES;
				CLANG_WARN_INFINITE_RECURSION = YES;
				CLANG_WARN_INT_CONVERSION = YES;
				CLANG_WARN_NON_LITERAL_NULL_CONVERSION = YES;
				CLANG_WARN_OBJC_IMPLICIT_RETAIN_SELF = YES;
				CLANG_WARN_OBJC_LITERAL_CONVERSION = YES;
				CLANG_WARN_OBJC_ROOT_CLASS = YES_ERROR;
				CLANG_WARN_QUOTED_INCLUDE_IN_FRAMEWORK_HEADER = YES;
				CLANG_WARN_RANGE_LOOP_ANALYSIS = YES;
				CLANG_WARN_STRICT_PROTOTYPES = YES;
				CLANG_WARN_SUSPICIOUS_MOVE = YES;
				CLANG_WARN_UNGUARDED_AVAILABILITY = YES_AGGRESSIVE;
				CLANG_WARN_UNREACHABLE_CODE = YES;
				CLANG_WARN__DUPLICATE_METHOD_MATCH = YES;
				COPY_PHASE_STRIP = NO;
				DEBUG_INFORMATION_FORMAT = dwarf;
				ENABLE_STRICT_OBJC_MSGSEND = YES;
				ENABLE_TESTABILITY = YES;
				GCC_C_LANGUAGE_STANDARD = gnu11;
				GCC_DYNAMIC_NO_PIC = NO;
				GCC_NO_COMMON_BLOCKS = YES;
				GCC_OPTIMIZATION_LEVEL = 0;
				GCC_PREPROCESSOR_DEFINITIONS = (
					"DEBUG=1",
					"$(inherited)",
				);
				GCC_WARN_64_TO_32_BIT_CONVERSION = YES;
				GCC_WARN_ABOUT_RETURN_TYPE = YES_ERROR;
				GCC_WARN_UNDECLARED_SELECTOR = YES;
				GCC_WARN_UNINITIALIZED_AUTOS = YES_AGGRESSIVE;
				GCC_WARN_UNUSED_FUNCTION = YES;
				GCC_WARN_UNUSED_VARIABLE = YES;
				IPHONEOS_DEPLOYMENT_TARGET = 15.2;
				MTL_ENABLE_DEBUG_INFO = INCLUDE_SOURCE;
				MTL_FAST_MATH = YES;
				ONLY_ACTIVE_ARCH = YES;
				SDKROOT = iphoneos;
				SWIFT_ACTIVE_COMPILATION_CONDITIONS = DEBUG;
				SWIFT_OPTIMIZATION_LEVEL = "-Onone";
			};
			name = Debug;
		};
		5BF11EC527AAAA8E0052019C /* Release */ = {
			isa = XCBuildConfiguration;
			buildSettings = {
				ALWAYS_SEARCH_USER_PATHS = NO;
				CLANG_ANALYZER_NONNULL = YES;
				CLANG_ANALYZER_NUMBER_OBJECT_CONVERSION = YES_AGGRESSIVE;
				CLANG_CXX_LANGUAGE_STANDARD = "gnu++17";
				CLANG_CXX_LIBRARY = "libc++";
				CLANG_ENABLE_MODULES = YES;
				CLANG_ENABLE_OBJC_ARC = YES;
				CLANG_ENABLE_OBJC_WEAK = YES;
				CLANG_WARN_BLOCK_CAPTURE_AUTORELEASING = YES;
				CLANG_WARN_BOOL_CONVERSION = YES;
				CLANG_WARN_COMMA = YES;
				CLANG_WARN_CONSTANT_CONVERSION = YES;
				CLANG_WARN_DEPRECATED_OBJC_IMPLEMENTATIONS = YES;
				CLANG_WARN_DIRECT_OBJC_ISA_USAGE = YES_ERROR;
				CLANG_WARN_DOCUMENTATION_COMMENTS = YES;
				CLANG_WARN_EMPTY_BODY = YES;
				CLANG_WARN_ENUM_CONVERSION = YES;
				CLANG_WARN_INFINITE_RECURSION = YES;
				CLANG_WARN_INT_CONVERSION = YES;
				CLANG_WARN_NON_LITERAL_NULL_CONVERSION = YES;
				CLANG_WARN_OBJC_IMPLICIT_RETAIN_SELF = YES;
				CLANG_WARN_OBJC_LITERAL_CONVERSION = YES;
				CLANG_WARN_OBJC_ROOT_CLASS = YES_ERROR;
				CLANG_WARN_QUOTED_INCLUDE_IN_FRAMEWORK_HEADER = YES;
				CLANG_WARN_RANGE_LOOP_ANALYSIS = YES;
				CLANG_WARN_STRICT_PROTOTYPES = YES;
				CLANG_WARN_SUSPICIOUS_MOVE = YES;
				CLANG_WARN_UNGUARDED_AVAILABILITY = YES_AGGRESSIVE;
				CLANG_WARN_UNREACHABLE_CODE = YES;
				CLANG_WARN__DUPLICATE_METHOD_MATCH = YES;
				COPY_PHASE_STRIP = NO;
				DEBUG_INFORMATION_FORMAT = "dwarf-with-dsym";
				ENABLE_NS_ASSERTIONS = NO;
				ENABLE_STRICT_OBJC_MSGSEND = YES;
				GCC_C_LANGUAGE_STANDARD = gnu11;
				GCC_NO_COMMON_BLOCKS = YES;
				GCC_WARN_64_TO_32_BIT_CONVERSION = YES;
				GCC_WARN_ABOUT_RETURN_TYPE = YES_ERROR;
				GCC_WARN_UNDECLARED_SELECTOR = YES;
				GCC_WARN_UNINITIALIZED_AUTOS = YES_AGGRESSIVE;
				GCC_WARN_UNUSED_FUNCTION = YES;
				GCC_WARN_UNUSED_VARIABLE = YES;
				IPHONEOS_DEPLOYMENT_TARGET = 15.2;
				MTL_ENABLE_DEBUG_INFO = NO;
				MTL_FAST_MATH = YES;
				SDKROOT = iphoneos;
				SWIFT_COMPILATION_MODE = wholemodule;
				SWIFT_OPTIMIZATION_LEVEL = "-O";
				VALIDATE_PRODUCT = YES;
			};
			name = Release;
		};
		5BF11EC727AAAA8E0052019C /* Debug */ = {
			isa = XCBuildConfiguration;
			buildSettings = {
				ASSETCATALOG_COMPILER_APPICON_NAME = AppIcon;
				ASSETCATALOG_COMPILER_GLOBAL_ACCENT_COLOR_NAME = AccentColor;
				CODE_SIGN_STYLE = Automatic;
				CURRENT_PROJECT_VERSION = 1;
				DEVELOPMENT_TEAM = 79QD8T4C92;
				GENERATE_INFOPLIST_FILE = YES;
				INFOPLIST_FILE = Builder/Info.plist;
				INFOPLIST_KEY_UIApplicationSupportsIndirectInputEvents = YES;
				INFOPLIST_KEY_UILaunchStoryboardName = LaunchScreen;
				INFOPLIST_KEY_UIMainStoryboardFile = Main;
				INFOPLIST_KEY_UISupportedInterfaceOrientations_iPad = "UIInterfaceOrientationPortrait UIInterfaceOrientationPortraitUpsideDown UIInterfaceOrientationLandscapeLeft UIInterfaceOrientationLandscapeRight";
				INFOPLIST_KEY_UISupportedInterfaceOrientations_iPhone = "UIInterfaceOrientationPortrait UIInterfaceOrientationLandscapeLeft UIInterfaceOrientationLandscapeRight";
				LD_RUNPATH_SEARCH_PATHS = (
					"$(inherited)",
					"@executable_path/Frameworks",
				);
				MARKETING_VERSION = 1.0;
				PRODUCT_BUNDLE_IDENTIFIER = rhiskey.Builder;
				PRODUCT_NAME = "$(TARGET_NAME)";
				SWIFT_EMIT_LOC_STRINGS = YES;
				SWIFT_VERSION = 5.0;
				TARGETED_DEVICE_FAMILY = "1,2";
			};
			name = Debug;
		};
		5BF11EC827AAAA8E0052019C /* Release */ = {
			isa = XCBuildConfiguration;
			buildSettings = {
				ASSETCATALOG_COMPILER_APPICON_NAME = AppIcon;
				ASSETCATALOG_COMPILER_GLOBAL_ACCENT_COLOR_NAME = AccentColor;
				CODE_SIGN_STYLE = Automatic;
				CURRENT_PROJECT_VERSION = 1;
				DEVELOPMENT_TEAM = 79QD8T4C92;
				GENERATE_INFOPLIST_FILE = YES;
				INFOPLIST_FILE = Builder/Info.plist;
				INFOPLIST_KEY_UIApplicationSupportsIndirectInputEvents = YES;
				INFOPLIST_KEY_UILaunchStoryboardName = LaunchScreen;
				INFOPLIST_KEY_UIMainStoryboardFile = Main;
				INFOPLIST_KEY_UISupportedInterfaceOrientations_iPad = "UIInterfaceOrientationPortrait UIInterfaceOrientationPortraitUpsideDown UIInterfaceOrientationLandscapeLeft UIInterfaceOrientationLandscapeRight";
				INFOPLIST_KEY_UISupportedInterfaceOrientations_iPhone = "UIInterfaceOrientationPortrait UIInterfaceOrientationLandscapeLeft UIInterfaceOrientationLandscapeRight";
				LD_RUNPATH_SEARCH_PATHS = (
					"$(inherited)",
					"@executable_path/Frameworks",
				);
				MARKETING_VERSION = 1.0;
				PRODUCT_BUNDLE_IDENTIFIER = rhiskey.Builder;
				PRODUCT_NAME = "$(TARGET_NAME)";
				SWIFT_EMIT_LOC_STRINGS = YES;
				SWIFT_VERSION = 5.0;
				TARGETED_DEVICE_FAMILY = "1,2";
			};
			name = Release;
		};
		5BF11ECA27AAAA8E0052019C /* Debug */ = {
			isa = XCBuildConfiguration;
			buildSettings = {
				ALWAYS_EMBED_SWIFT_STANDARD_LIBRARIES = YES;
				BUNDLE_LOADER = "$(TEST_HOST)";
				CODE_SIGN_STYLE = Automatic;
				CURRENT_PROJECT_VERSION = 1;
				DEVELOPMENT_TEAM = 79QD8T4C92;
				GENERATE_INFOPLIST_FILE = YES;
				IPHONEOS_DEPLOYMENT_TARGET = 15.2;
				MARKETING_VERSION = 1.0;
				PRODUCT_BUNDLE_IDENTIFIER = rhiskey.BuilderTests;
				PRODUCT_NAME = "$(TARGET_NAME)";
				SWIFT_EMIT_LOC_STRINGS = NO;
				SWIFT_VERSION = 5.0;
				TARGETED_DEVICE_FAMILY = "1,2";
				TEST_HOST = "$(BUILT_PRODUCTS_DIR)/Builder.app/Builder";
			};
			name = Debug;
		};
		5BF11ECB27AAAA8E0052019C /* Release */ = {
			isa = XCBuildConfiguration;
			buildSettings = {
				ALWAYS_EMBED_SWIFT_STANDARD_LIBRARIES = YES;
				BUNDLE_LOADER = "$(TEST_HOST)";
				CODE_SIGN_STYLE = Automatic;
				CURRENT_PROJECT_VERSION = 1;
				DEVELOPMENT_TEAM = 79QD8T4C92;
				GENERATE_INFOPLIST_FILE = YES;
				IPHONEOS_DEPLOYMENT_TARGET = 15.2;
				MARKETING_VERSION = 1.0;
				PRODUCT_BUNDLE_IDENTIFIER = rhiskey.BuilderTests;
				PRODUCT_NAME = "$(TARGET_NAME)";
				SWIFT_EMIT_LOC_STRINGS = NO;
				SWIFT_VERSION = 5.0;
				TARGETED_DEVICE_FAMILY = "1,2";
				TEST_HOST = "$(BUILT_PRODUCTS_DIR)/Builder.app/Builder";
			};
			name = Release;
		};
		5BF11ECD27AAAA8E0052019C /* Debug */ = {
			isa = XCBuildConfiguration;
			buildSettings = {
				ALWAYS_EMBED_SWIFT_STANDARD_LIBRARIES = YES;
				CODE_SIGN_STYLE = Automatic;
				CURRENT_PROJECT_VERSION = 1;
				DEVELOPMENT_TEAM = 79QD8T4C92;
				GENERATE_INFOPLIST_FILE = YES;
				MARKETING_VERSION = 1.0;
				PRODUCT_BUNDLE_IDENTIFIER = rhiskey.BuilderUITests;
				PRODUCT_NAME = "$(TARGET_NAME)";
				SWIFT_EMIT_LOC_STRINGS = NO;
				SWIFT_VERSION = 5.0;
				TARGETED_DEVICE_FAMILY = "1,2";
				TEST_TARGET_NAME = Builder;
			};
			name = Debug;
		};
		5BF11ECE27AAAA8E0052019C /* Release */ = {
			isa = XCBuildConfiguration;
			buildSettings = {
				ALWAYS_EMBED_SWIFT_STANDARD_LIBRARIES = YES;
				CODE_SIGN_STYLE = Automatic;
				CURRENT_PROJECT_VERSION = 1;
				DEVELOPMENT_TEAM = 79QD8T4C92;
				GENERATE_INFOPLIST_FILE = YES;
				MARKETING_VERSION = 1.0;
				PRODUCT_BUNDLE_IDENTIFIER = rhiskey.BuilderUITests;
				PRODUCT_NAME = "$(TARGET_NAME)";
				SWIFT_EMIT_LOC_STRINGS = NO;
				SWIFT_VERSION = 5.0;
				TARGETED_DEVICE_FAMILY = "1,2";
				TEST_TARGET_NAME = Builder;
			};
			name = Release;
		};
/* End XCBuildConfiguration section */

/* Begin XCConfigurationList section */
		5BF11E9727AAAA8D0052019C /* Build configuration list for PBXProject "Builder" */ = {
			isa = XCConfigurationList;
			buildConfigurations = (
				5BF11EC427AAAA8E0052019C /* Debug */,
				5BF11EC527AAAA8E0052019C /* Release */,
			);
			defaultConfigurationIsVisible = 0;
			defaultConfigurationName = Release;
		};
		5BF11EC627AAAA8E0052019C /* Build configuration list for PBXNativeTarget "Builder" */ = {
			isa = XCConfigurationList;
			buildConfigurations = (
				5BF11EC727AAAA8E0052019C /* Debug */,
				5BF11EC827AAAA8E0052019C /* Release */,
			);
			defaultConfigurationIsVisible = 0;
			defaultConfigurationName = Release;
		};
		5BF11EC927AAAA8E0052019C /* Build configuration list for PBXNativeTarget "BuilderTests" */ = {
			isa = XCConfigurationList;
			buildConfigurations = (
				5BF11ECA27AAAA8E0052019C /* Debug */,
				5BF11ECB27AAAA8E0052019C /* Release */,
			);
			defaultConfigurationIsVisible = 0;
			defaultConfigurationName = Release;
		};
		5BF11ECC27AAAA8E0052019C /* Build configuration list for PBXNativeTarget "BuilderUITests" */ = {
			isa = XCConfigurationList;
			buildConfigurations = (
				5BF11ECD27AAAA8E0052019C /* Debug */,
				5BF11ECE27AAAA8E0052019C /* Release */,
			);
			defaultConfigurationIsVisible = 0;
			defaultConfigurationName = Release;
		};
/* End XCConfigurationList section */
	};
	rootObject = 5BF11E9427AAAA8D0052019C /* Project object */;
}
